<?xml version="1.0" encoding="utf-8"?>
<Project ToolsVersion="4.0" xmlns="http://schemas.microsoft.com/developer/msbuild/2003">
  <ItemGroup>
    <Filter Include="File di origine">
      <UniqueIdentifier>{4FC737F1-C7A5-4376-A066-2A32D752A2FF}</UniqueIdentifier>
      <Extensions>cpp;c;cc;cxx;c++;cppm;ixx;def;odl;idl;hpj;bat;asm;asmx</Extensions>
    </Filter>
    <Filter Include="File di intestazione">
      <UniqueIdentifier>{93995380-89BD-4b04-88EB-625FBE52EBFB}</UniqueIdentifier>
      <Extensions>h;hh;hpp;hxx;h++;hm;inl;inc;ipp;xsd</Extensions>
    </Filter>
    <Filter Include="File di risorse">
      <UniqueIdentifier>{67DA6AB6-F800-4c08-8B7A-83BB121AAD01}</UniqueIdentifier>
      <Extensions>rc;ico;cur;bmp;dlg;rc2;rct;bin;rgs;gif;jpg;jpeg;jpe;resx;tiff;tif;png;wav;mfcribbon-ms</Extensions>
    </Filter>
    <Filter Include="File di intestazione\glad">
      <UniqueIdentifier>{e1ab79d4-2c0f-4bb5-b30a-ceac4aa3db07}</UniqueIdentifier>
    </Filter>
    <Filter Include="File di origine\Graphic">
      <UniqueIdentifier>{fb54a953-5eac-4ff5-b0d7-082996b788fd}</UniqueIdentifier>
    </Filter>
    <Filter Include="File di origine\Qubit">
      <UniqueIdentifier>{cca81cc9-c456-4855-9586-4a27df0bf172}</UniqueIdentifier>
    </Filter>
    <Filter Include="File di origine\Graphic\BlochSphere">
      <UniqueIdentifier>{c08a30e1-d9d8-4091-8893-566674b96dab}</UniqueIdentifier>
    </Filter>
    <Filter Include="File di origine\Graphic\VectorsSphere">
      <UniqueIdentifier>{58439aef-530f-4642-8673-5da1b2bf2d84}</UniqueIdentifier>
    </Filter>
  </ItemGroup>
  <ItemGroup>
    <ClCompile Include="Main.cpp">
      <Filter>File di origine</Filter>
    </ClCompile>
    <ClCompile Include="glad.c">
      <Filter>File di origine</Filter>
    </ClCompile>
    <ClCompile Include="Qubit.cpp">
      <Filter>File di origine\Qubit</Filter>
    </ClCompile>
    <ClCompile Include="BlochSphere.cpp">
      <Filter>File di origine\Graphic\BlochSphere</Filter>
    </ClCompile>
    <ClCompile Include="VectorSphere.cpp">
      <Filter>File di origine\Graphic\VectorsSphere</Filter>
    </ClCompile>
    <ClCompile Include="BlochSphereCoordinates.cpp">
      <Filter>File di origine</Filter>
    </ClCompile>
  </ItemGroup>
  <ItemGroup>
    <ClInclude Include="Libraries\include\glad\glad.h">
      <Filter>File di intestazione\glad</Filter>
    </ClInclude>
    <ClInclude Include="Qubit.h">
      <Filter>File di intestazione</Filter>
    </ClInclude>
    <ClInclude Include="BlochSphere.h">
      <Filter>File di intestazione</Filter>
    </ClInclude>
    <ClInclude Include="VectorSphere.h">
      <Filter>File di intestazione</Filter>
    </ClInclude>
    <ClInclude Include="BlochSphereCoordinates.h">
      <Filter>File di intestazione</Filter>
    </ClInclude>
  </ItemGroup>
</Project>